{
    "_readme": [
        "This file locks the dependencies of your project to a known state",
        "Read more about it at https://getcomposer.org/doc/01-basic-usage.md#installing-dependencies",
        "This file is @generated automatically"
    ],
    "content-hash": "b0244991413e992be2d936266bfd97f8",
    "packages": [
        {
            "name": "openspout/openspout",
            "version": "v3.7.4",
            "source": {
                "type": "git",
                "url": "https://github.com/openspout/openspout.git",
                "reference": "dfbbd53b5edcd486b45a37f6a04fac33073c70f3"
            },
            "dist": {
                "type": "zip",
                "url": "https://api.github.com/repos/openspout/openspout/zipball/dfbbd53b5edcd486b45a37f6a04fac33073c70f3",
                "reference": "dfbbd53b5edcd486b45a37f6a04fac33073c70f3",
                "shasum": ""
            },
            "require": {
                "ext-dom": "*",
                "ext-filter": "*",
                "ext-libxml": "*",
                "ext-xmlreader": "*",
                "ext-zip": "*",
                "php": "~7.3.0 || ~7.4.0 || ~8.0.0 || ~8.1.0"
            },
            "require-dev": {
                "ext-zlib": "*",
                "friendsofphp/php-cs-fixer": "^3.4",
                "phpstan/phpstan": "^1.4",
                "phpstan/phpstan-phpunit": "^1.0",
                "phpunit/phpunit": "^9.5"
            },
            "suggest": {
                "ext-iconv": "To handle non UTF-8 CSV files (if \"php-intl\" is not already installed or is too limited)",
                "ext-intl": "To handle non UTF-8 CSV files (if \"iconv\" is not already installed)"
            },
            "type": "library",
            "extra": {
                "branch-alias": {
                    "dev-master": "3.3.x-dev"
                }
            },
            "autoload": {
                "psr-4": {
                    "OpenSpout\\": "src/"
                }
            },
            "notification-url": "https://packagist.org/downloads/",
            "license": [
                "MIT"
            ],
            "authors": [
                {
                    "name": "Adrien Loison",
                    "email": "adrien@box.com"
                }
            ],
            "description": "PHP Library to read and write spreadsheet files (CSV, XLSX and ODS), in a fast and scalable way",
            "homepage": "https://github.com/openspout/openspout",
            "keywords": [
                "OOXML",
                "csv",
                "excel",
                "memory",
                "odf",
                "ods",
                "office",
                "open",
                "php",
                "read",
                "scale",
                "spreadsheet",
                "stream",
                "write",
                "xlsx"
            ],
            "support": {
                "issues": "https://github.com/openspout/openspout/issues",
                "source": "https://github.com/openspout/openspout/tree/v3.7.4"
            },
            "funding": [
                {
                    "url": "https://paypal.me/filippotessarotto",
                    "type": "custom"
                },
                {
                    "url": "https://github.com/Slamdunk",
                    "type": "github"
                }
            ],
            "time": "2022-03-31T06:15:15+00:00"
        },
        {
            "name": "phpoffice/phpword",
            "version": "0.18.3",
            "source": {
                "type": "git",
                "url": "https://github.com/PHPOffice/PHPWord.git",
                "reference": "be0190cd5d8f95b4be08d5853b107aa4e352759a"
            },
            "dist": {
                "type": "zip",
                "url": "https://api.github.com/repos/PHPOffice/PHPWord/zipball/be0190cd5d8f95b4be08d5853b107aa4e352759a",
                "reference": "be0190cd5d8f95b4be08d5853b107aa4e352759a",
                "shasum": ""
            },
            "require": {
                "ext-xml": "*",
                "laminas/laminas-escaper": "^2.2",
                "php": "^5.3.3 || ^7.0 || ^8.0"
            },
            "require-dev": {
                "dompdf/dompdf": "0.8.* || 1.0.*",
                "ext-gd": "*",
                "ext-zip": "*",
                "friendsofphp/php-cs-fixer": "^2.2",
                "mpdf/mpdf": "5.7.4 || 6.* || 7.* || 8.*",
                "php-coveralls/php-coveralls": "1.1.0 || ^2.0",
                "phploc/phploc": "2.* || 3.* || 4.* || 5.* || 6.* || 7.*",
                "phpmd/phpmd": "2.*",
                "phpunit/phpunit": "^4.8.36 || ^7.0",
                "squizlabs/php_codesniffer": "^2.9 || ^3.5",
                "tecnickcom/tcpdf": "6.*"
            },
            "suggest": {
                "dompdf/dompdf": "Allows writing PDF",
                "ext-gd2": "Allows adding images",
                "ext-xmlwriter": "Allows writing OOXML and ODF",
                "ext-xsl": "Allows applying XSL style sheet to headers, to main document part, and to footers of an OOXML template",
                "ext-zip": "Allows writing OOXML and ODF"
            },
            "type": "library",
            "extra": {
                "branch-alias": {
                    "dev-develop": "0.19-dev"
                }
            },
            "autoload": {
                "psr-4": {
                    "PhpOffice\\PhpWord\\": "src/PhpWord"
                }
            },
            "notification-url": "https://packagist.org/downloads/",
            "license": [
                "LGPL-3.0"
            ],
            "authors": [
                {
                    "name": "Mark Baker"
                },
                {
                    "name": "Gabriel Bull",
                    "email": "me@gabrielbull.com",
                    "homepage": "http://gabrielbull.com/"
                },
                {
                    "name": "Franck Lefevre",
                    "homepage": "https://rootslabs.net/blog/"
                },
                {
                    "name": "Ivan Lanin",
                    "homepage": "http://ivan.lanin.org"
                },
                {
                    "name": "Roman Syroeshko",
                    "homepage": "http://ru.linkedin.com/pub/roman-syroeshko/34/a53/994/"
                },
                {
                    "name": "Antoine de Troostembergh"
                }
            ],
            "description": "PHPWord - A pure PHP library for reading and writing word processing documents (OOXML, ODF, RTF, HTML, PDF)",
            "homepage": "http://phpoffice.github.io",
            "keywords": [
                "ISO IEC 29500",
                "OOXML",
                "Office Open XML",
                "OpenDocument",
                "OpenXML",
                "PhpOffice",
                "PhpWord",
                "Rich Text Format",
                "WordprocessingML",
                "doc",
                "docx",
                "html",
                "odf",
                "odt",
                "office",
                "pdf",
                "php",
                "reader",
                "rtf",
                "template",
                "template processor",
                "word",
                "writer"
            ],
            "support": {
                "issues": "https://github.com/PHPOffice/PHPWord/issues",
                "source": "https://github.com/PHPOffice/PHPWord/tree/0.18.3"
            },
            "time": "2022-02-17T15:40:03+00:00"
        }
    ],
    "packages-dev": [
        {
            "name": "biblibre/omeka-s-test-helper",
            "version": "dev-master",
            "source": {
                "type": "git",
                "url": "https://github.com/biblibre/omeka-s-test-helper.git",
                "reference": "a02c8dc4259365f7de1d09626a97347ba19cbf6e"
            },
            "dist": {
                "type": "zip",
                "url": "https://api.github.com/repos/biblibre/omeka-s-test-helper/zipball/a02c8dc4259365f7de1d09626a97347ba19cbf6e",
                "reference": "a02c8dc4259365f7de1d09626a97347ba19cbf6e",
                "shasum": ""
            },
            "require": {
                "php": ">=5.5.0"
            },
            "default-branch": true,
            "type": "library",
            "autoload": {
                "psr-4": {
                    "OmekaTestHelper\\": "src/"
                }
            },
            "notification-url": "https://packagist.org/downloads/",
            "license": [
                "MIT"
            ],
            "description": "Test helpers for Omeka S",
            "homepage": "https://github.com/biblibre/omeka-s-test-helper",
            "keywords": [
                "omeka",
                "test"
            ],
            "support": {
                "issues": "https://github.com/biblibre/omeka-s-test-helper/issues",
                "source": "https://github.com/biblibre/omeka-s-test-helper/tree/master"
            },
            "time": "2016-09-22T16:40:26+00:00"
        }
    ],
    "aliases": [],
    "minimum-stability": "stable",
    "stability-flags": {
        "biblibre/omeka-s-test-helper": 20
    },
    "prefer-stable": false,
    "prefer-lowest": false,
    "platform": [],
    "platform-dev": [],
    "plugin-api-version": "2.0.0"
}
