{
    "_readme": [
        "This file locks the dependencies of your project to a known state",
        "Read more about it at https://getcomposer.org/doc/01-basic-usage.md#installing-dependencies",
        "This file is @generated automatically"
    ],
    "content-hash": "911b3deec5188cccf26418e84c044445",
    "packages": [
        {
            "name": "openspout/openspout",
            "version": "v3.7.4",
            "source": {
                "type": "git",
                "url": "https://github.com/openspout/openspout.git",
                "reference": "dfbbd53b5edcd486b45a37f6a04fac33073c70f3"
            },
            "dist": {
                "type": "zip",
                "url": "https://api.github.com/repos/openspout/openspout/zipball/dfbbd53b5edcd486b45a37f6a04fac33073c70f3",
                "reference": "dfbbd53b5edcd486b45a37f6a04fac33073c70f3",
                "shasum": ""
            },
            "require": {
                "ext-dom": "*",
                "ext-filter": "*",
                "ext-libxml": "*",
                "ext-xmlreader": "*",
                "ext-zip": "*",
                "php": "~7.3.0 || ~7.4.0 || ~8.0.0 || ~8.1.0"
            },
            "require-dev": {
                "ext-zlib": "*",
                "friendsofphp/php-cs-fixer": "^3.4",
                "phpstan/phpstan": "^1.4",
                "phpstan/phpstan-phpunit": "^1.0",
                "phpunit/phpunit": "^9.5"
            },
            "suggest": {
                "ext-iconv": "To handle non UTF-8 CSV files (if \"php-intl\" is not already installed or is too limited)",
                "ext-intl": "To handle non UTF-8 CSV files (if \"iconv\" is not already installed)"
            },
            "type": "library",
            "extra": {
                "branch-alias": {
                    "dev-master": "3.3.x-dev"
                }
            },
            "autoload": {
                "psr-4": {
                    "OpenSpout\\": "src/"
                }
            },
            "notification-url": "https://packagist.org/downloads/",
            "license": [
                "MIT"
            ],
            "authors": [
                {
                    "name": "Adrien Loison",
                    "email": "adrien@box.com"
                }
            ],
            "description": "PHP Library to read and write spreadsheet files (CSV, XLSX and ODS), in a fast and scalable way",
            "homepage": "https://github.com/openspout/openspout",
            "keywords": [
                "OOXML",
                "csv",
                "excel",
                "memory",
                "odf",
                "ods",
                "office",
                "open",
                "php",
                "read",
                "scale",
                "spreadsheet",
                "stream",
                "write",
                "xlsx"
            ],
            "support": {
                "issues": "https://github.com/openspout/openspout/issues",
                "source": "https://github.com/openspout/openspout/tree/v3.7.4"
            },
            "funding": [
                {
                    "url": "https://paypal.me/filippotessarotto",
                    "type": "custom"
                },
                {
                    "url": "https://github.com/Slamdunk",
                    "type": "github"
                }
            ],
            "time": "2022-03-31T06:15:15+00:00"
        },
        {
            "name": "phpoffice/math",
            "version": "0.3.0",
            "source": {
                "type": "git",
                "url": "https://github.com/PHPOffice/Math.git",
                "reference": "fc31c8f57a7a81f962cbf389fd89f4d9d06fc99a"
            },
            "dist": {
                "type": "zip",
                "url": "https://api.github.com/repos/PHPOffice/Math/zipball/fc31c8f57a7a81f962cbf389fd89f4d9d06fc99a",
                "reference": "fc31c8f57a7a81f962cbf389fd89f4d9d06fc99a",
                "shasum": ""
            },
            "require": {
                "ext-dom": "*",
                "ext-xml": "*",
                "php": "^7.1|^8.0"
            },
            "require-dev": {
                "phpstan/phpstan": "^0.12.88 || ^1.0.0",
                "phpunit/phpunit": "^7.0 || ^9.0"
            },
            "type": "library",
            "autoload": {
                "psr-4": {
                    "PhpOffice\\Math\\": "src/Math/"
                }
            },
            "notification-url": "https://packagist.org/downloads/",
            "license": [
                "MIT"
            ],
            "authors": [
                {
                    "name": "Progi1984",
                    "homepage": "https://lefevre.dev"
                }
            ],
            "description": "Math - Manipulate Math Formula",
            "homepage": "https://phpoffice.github.io/Math/",
            "keywords": [
                "MathML",
                "officemathml",
                "php"
            ],
            "support": {
                "issues": "https://github.com/PHPOffice/Math/issues",
                "source": "https://github.com/PHPOffice/Math/tree/0.3.0"
            },
            "time": "2025-05-29T08:31:49+00:00"
        },
        {
            "name": "phpoffice/phpword",
            "version": "1.4.0",
            "source": {
                "type": "git",
                "url": "https://github.com/PHPOffice/PHPWord.git",
                "reference": "6d75328229bc93790b37e93741adf70646cea958"
            },
            "dist": {
                "type": "zip",
                "url": "https://api.github.com/repos/PHPOffice/PHPWord/zipball/6d75328229bc93790b37e93741adf70646cea958",
                "reference": "6d75328229bc93790b37e93741adf70646cea958",
                "shasum": ""
            },
            "require": {
                "ext-dom": "*",
                "ext-gd": "*",
                "ext-json": "*",
                "ext-xml": "*",
                "ext-zip": "*",
                "php": "^7.1|^8.0",
                "phpoffice/math": "^0.3"
            },
            "require-dev": {
                "dompdf/dompdf": "^2.0 || ^3.0",
                "ext-libxml": "*",
                "friendsofphp/php-cs-fixer": "^3.3",
                "mpdf/mpdf": "^7.0 || ^8.0",
                "phpmd/phpmd": "^2.13",
                "phpstan/phpstan": "^0.12.88 || ^1.0.0",
                "phpstan/phpstan-phpunit": "^1.0 || ^2.0",
                "phpunit/phpunit": ">=7.0",
                "symfony/process": "^4.4 || ^5.0",
                "tecnickcom/tcpdf": "^6.5"
            },
            "suggest": {
                "dompdf/dompdf": "Allows writing PDF",
                "ext-xmlwriter": "Allows writing OOXML and ODF",
                "ext-xsl": "Allows applying XSL style sheet to headers, to main document part, and to footers of an OOXML template"
            },
            "type": "library",
            "autoload": {
                "psr-4": {
                    "PhpOffice\\PhpWord\\": "src/PhpWord"
                }
            },
            "notification-url": "https://packagist.org/downloads/",
            "license": [
                "LGPL-3.0-only"
            ],
            "authors": [
                {
                    "name": "Mark Baker"
                },
                {
                    "name": "Gabriel Bull",
                    "email": "me@gabrielbull.com",
                    "homepage": "http://gabrielbull.com/"
                },
                {
                    "name": "Franck Lefevre",
                    "homepage": "https://rootslabs.net/blog/"
                },
                {
                    "name": "Ivan Lanin",
                    "homepage": "http://ivan.lanin.org"
                },
                {
                    "name": "Roman Syroeshko",
                    "homepage": "http://ru.linkedin.com/pub/roman-syroeshko/34/a53/994/"
                },
                {
                    "name": "Antoine de Troostembergh"
                }
            ],
            "description": "PHPWord - A pure PHP library for reading and writing word processing documents (OOXML, ODF, RTF, HTML, PDF)",
            "homepage": "https://phpoffice.github.io/PHPWord/",
            "keywords": [
                "ISO IEC 29500",
                "OOXML",
                "Office Open XML",
                "OpenDocument",
                "OpenXML",
                "PhpOffice",
                "PhpWord",
                "Rich Text Format",
                "WordprocessingML",
                "doc",
                "docx",
                "html",
                "odf",
                "odt",
                "office",
                "pdf",
                "php",
                "reader",
                "rtf",
                "template",
                "template processor",
                "word",
                "writer"
            ],
            "support": {
                "issues": "https://github.com/PHPOffice/PHPWord/issues",
                "source": "https://github.com/PHPOffice/PHPWord/tree/1.4.0"
            },
            "time": "2025-06-05T10:32:36+00:00"
        }
    ],
    "packages-dev": [],
    "aliases": [],
    "minimum-stability": "stable",
    "stability-flags": {},
    "prefer-stable": false,
    "prefer-lowest": false,
    "platform": {},
    "platform-dev": {},
    "platform-overrides": {
        "php": "7.4"
    },
    "plugin-api-version": "2.6.0"
}
